
Microsoft Visual Studio Solution File, Format Version 12.00
# Visual Studio Version 17
VisualStudioVersion = 17.2.32630.192
MinimumVisualStudioVersion = 10.0.40219.1
Project("{FAE04EC0-301F-11D3-BF4B-00C04F79EFBC}") = "SIGEPRO", "SIGEPRO\SIGEPRO.csproj", "{E7349C96-4E4A-4C73-BEB2-1F2B0462E071}"
EndProject
Project("{FAE04EC0-301F-11D3-BF4B-00C04F79EFBC}") = "SIGEPRO.Tests", "SIGEPRO.Tests\SIGEPRO.Tests.csproj", "{D88F6798-CD7C-41B6-91A5-D5134A47DDBD}"
EndProject
Global
	GlobalSection(SolutionConfigurationPlatforms) = preSolution
		Debug|Any CPU = Debug|Any CPU
		Release|Any CPU = Release|Any CPU
	EndGlobalSection
	GlobalSection(ProjectConfigurationPlatforms) = postSolution
		{E7349C96-4E4A-4C73-BEB2-1F2B0462E071}.Debug|Any CPU.ActiveCfg = Debug|Any CPU
		{E7349C96-4E4A-4C73-BEB2-1F2B0462E071}.Debug|Any CPU.Build.0 = Debug|Any CPU
		{E7349C96-4E4A-4C73-BEB2-1F2B0462E071}.Release|Any CPU.ActiveCfg = Release|Any CPU
		{E7349C96-4E4A-4C73-BEB2-1F2B0462E071}.Release|Any CPU.Build.0 = Release|Any CPU
		{D88F6798-CD7C-41B6-91A5-D5134A47DDBD}.Debug|Any CPU.ActiveCfg = Debug|Any CPU
		{D88F6798-CD7C-41B6-91A5-D5134A47DDBD}.Debug|Any CPU.Build.0 = Debug|Any CPU
		{D88F6798-CD7C-41B6-91A5-D5134A47DDBD}.Release|Any CPU.ActiveCfg = Release|Any CPU
		{D88F6798-CD7C-41B6-91A5-D5134A47DDBD}.Release|Any CPU.Build.0 = Release|Any CPU
	EndGlobalSection
	GlobalSection(SolutionProperties) = preSolution
		HideSolutionNode = FALSE
	EndGlobalSection
	GlobalSection(ExtensibilityGlobals) = postSolution
		SolutionGuid = {C3F43C86-8DAE-4C50-938D-66B2935824ED}
	EndGlobalSection
EndGlobal
